
Microsoft Visual Studio Solution File, Format Version 12.00
# Visual Studio Version 16
VisualStudioVersion = 16.0.32802.440
MinimumVisualStudioVersion = 10.0.40219.1
Project("{FAE04EC0-301F-11D3-BF4B-00C04F79EFBC}") = "MTG_Counter.Android", "MTG_Counter.Android\MTG_Counter.Android.csproj", "{8B0F355E-265C-4463-8111-14706319D719}"
EndProject
Project("{FAE04EC0-301F-11D3-BF4B-00C04F79EFBC}") = "MTG_Counter.iOS", "MTG_Counter.iOS\MTG_Counter.iOS.csproj", "{AF3CAEB3-49FA-4182-A921-F0DD91DB88CD}"
EndProject
Project("{FAE04EC0-301F-11D3-BF4B-00C04F79EFBC}") = "MTG_Counter", "MTG_Counter\MTG_Counter.csproj", "{18853B17-9BF9-4BEB-AAAC-E64331A65A9A}"
EndProject
Global
	GlobalSection(SolutionConfigurationPlatforms) = preSolution
		Debug|Any CPU = Debug|Any CPU
		Debug|iPhone = Debug|iPhone
		Debug|iPhoneSimulator = Debug|iPhoneSimulator
		Release|Any CPU = Release|Any CPU
		Release|iPhone = Release|iPhone
		Release|iPhoneSimulator = Release|iPhoneSimulator
	EndGlobalSection
	GlobalSection(ProjectConfigurationPlatforms) = postSolution
		{8B0F355E-265C-4463-8111-14706319D719}.Debug|Any CPU.ActiveCfg = Debug|Any CPU
		{8B0F355E-265C-4463-8111-14706319D719}.Debug|Any CPU.Build.0 = Debug|Any CPU
		{8B0F355E-265C-4463-8111-14706319D719}.Debug|Any CPU.Deploy.0 = Debug|Any CPU
		{8B0F355E-265C-4463-8111-14706319D719}.Debug|iPhone.ActiveCfg = Debug|Any CPU
		{8B0F355E-265C-4463-8111-14706319D719}.Debug|iPhone.Build.0 = Debug|Any CPU
		{8B0F355E-265C-4463-8111-14706319D719}.Debug|iPhone.Deploy.0 = Debug|Any CPU
		{8B0F355E-265C-4463-8111-14706319D719}.Debug|iPhoneSimulator.ActiveCfg = Debug|Any CPU
		{8B0F355E-265C-4463-8111-14706319D719}.Debug|iPhoneSimulator.Build.0 = Debug|Any CPU
		{8B0F355E-265C-4463-8111-14706319D719}.Debug|iPhoneSimulator.Deploy.0 = Debug|Any CPU
		{8B0F355E-265C-4463-8111-14706319D719}.Release|Any CPU.ActiveCfg = Release|Any CPU
		{8B0F355E-265C-4463-8111-14706319D719}.Release|Any CPU.Build.0 = Release|Any CPU
		{8B0F355E-265C-4463-8111-14706319D719}.Release|Any CPU.Deploy.0 = Release|Any CPU
		{8B0F355E-265C-4463-8111-14706319D719}.Release|iPhone.ActiveCfg = Release|Any CPU
		{8B0F355E-265C-4463-8111-14706319D719}.Release|iPhone.Build.0 = Release|Any CPU
		{8B0F355E-265C-4463-8111-14706319D719}.Release|iPhone.Deploy.0 = Release|Any CPU
		{8B0F355E-265C-4463-8111-14706319D719}.Release|iPhoneSimulator.ActiveCfg = Release|Any CPU
		{8B0F355E-265C-4463-8111-14706319D719}.Release|iPhoneSimulator.Build.0 = Release|Any CPU
		{8B0F355E-265C-4463-8111-14706319D719}.Release|iPhoneSimulator.Deploy.0 = Release|Any CPU
		{AF3CAEB3-49FA-4182-A921-F0DD91DB88CD}.Debug|Any CPU.ActiveCfg = Debug|iPhone
		{AF3CAEB3-49FA-4182-A921-F0DD91DB88CD}.Debug|Any CPU.Build.0 = Debug|iPhone
		{AF3CAEB3-49FA-4182-A921-F0DD91DB88CD}.Debug|Any CPU.Deploy.0 = Debug|iPhone
		{AF3CAEB3-49FA-4182-A921-F0DD91DB88CD}.Debug|iPhone.ActiveCfg = Debug|iPhone
		{AF3CAEB3-49FA-4182-A921-F0DD91DB88CD}.Debug|iPhone.Build.0 = Debug|iPhone
		{AF3CAEB3-49FA-4182-A921-F0DD91DB88CD}.Debug|iPhone.Deploy.0 = Debug|iPhone
		{AF3CAEB3-49FA-4182-A921-F0DD91DB88CD}.Debug|iPhoneSimulator.ActiveCfg = Debug|iPhoneSimulator
		{AF3CAEB3-49FA-4182-A921-F0DD91DB88CD}.Debug|iPhoneSimulator.Build.0 = Debug|iPhoneSimulator
		{AF3CAEB3-49FA-4182-A921-F0DD91DB88CD}.Debug|iPhoneSimulator.Deploy.0 = Debug|iPhoneSimulator
		{AF3CAEB3-49FA-4182-A921-F0DD91DB88CD}.Release|Any CPU.ActiveCfg = Release|iPhoneSimulator
		{AF3CAEB3-49FA-4182-A921-F0DD91DB88CD}.Release|Any CPU.Build.0 = Release|iPhoneSimulator
		{AF3CAEB3-49FA-4182-A921-F0DD91DB88CD}.Release|Any CPU.Deploy.0 = Release|iPhoneSimulator
		{AF3CAEB3-49FA-4182-A921-F0DD91DB88CD}.Release|iPhone.ActiveCfg = Release|iPhone
		{AF3CAEB3-49FA-4182-A921-F0DD91DB88CD}.Release|iPhone.Build.0 = Release|iPhone
		{AF3CAEB3-49FA-4182-A921-F0DD91DB88CD}.Release|iPhone.Deploy.0 = Release|iPhone
		{AF3CAEB3-49FA-4182-A921-F0DD91DB88CD}.Release|iPhoneSimulator.ActiveCfg = Release|iPhoneSimulator
		{AF3CAEB3-49FA-4182-A921-F0DD91DB88CD}.Release|iPhoneSimulator.Build.0 = Release|iPhoneSimulator
		{AF3CAEB3-49FA-4182-A921-F0DD91DB88CD}.Release|iPhoneSimulator.Deploy.0 = Release|iPhoneSimulator
		{18853B17-9BF9-4BEB-AAAC-E64331A65A9A}.Debug|Any CPU.ActiveCfg = Debug|Any CPU
		{18853B17-9BF9-4BEB-AAAC-E64331A65A9A}.Debug|Any CPU.Build.0 = Debug|Any CPU
		{18853B17-9BF9-4BEB-AAAC-E64331A65A9A}.Debug|Any CPU.Deploy.0 = Debug|Any CPU
		{18853B17-9BF9-4BEB-AAAC-E64331A65A9A}.Debug|iPhone.ActiveCfg = Debug|Any CPU
		{18853B17-9BF9-4BEB-AAAC-E64331A65A9A}.Debug|iPhone.Build.0 = Debug|Any CPU
		{18853B17-9BF9-4BEB-AAAC-E64331A65A9A}.Debug|iPhone.Deploy.0 = Debug|Any CPU
		{18853B17-9BF9-4BEB-AAAC-E64331A65A9A}.Debug|iPhoneSimulator.ActiveCfg = Debug|Any CPU
		{18853B17-9BF9-4BEB-AAAC-E64331A65A9A}.Debug|iPhoneSimulator.Build.0 = Debug|Any CPU
		{18853B17-9BF9-4BEB-AAAC-E64331A65A9A}.Debug|iPhoneSimulator.Deploy.0 = Debug|Any CPU
		{18853B17-9BF9-4BEB-AAAC-E64331A65A9A}.Release|Any CPU.ActiveCfg = Release|Any CPU
		{18853B17-9BF9-4BEB-AAAC-E64331A65A9A}.Release|Any CPU.Build.0 = Release|Any CPU
		{18853B17-9BF9-4BEB-AAAC-E64331A65A9A}.Release|Any CPU.Deploy.0 = Release|Any CPU
		{18853B17-9BF9-4BEB-AAAC-E64331A65A9A}.Release|iPhone.ActiveCfg = Release|Any CPU
		{18853B17-9BF9-4BEB-AAAC-E64331A65A9A}.Release|iPhone.Build.0 = Release|Any CPU
		{18853B17-9BF9-4BEB-AAAC-E64331A65A9A}.Release|iPhone.Deploy.0 = Release|Any CPU
		{18853B17-9BF9-4BEB-AAAC-E64331A65A9A}.Release|iPhoneSimulator.ActiveCfg = Release|Any CPU
		{18853B17-9BF9-4BEB-AAAC-E64331A65A9A}.Release|iPhoneSimulator.Build.0 = Release|Any CPU
		{18853B17-9BF9-4BEB-AAAC-E64331A65A9A}.Release|iPhoneSimulator.Deploy.0 = Release|Any CPU
	EndGlobalSection
	GlobalSection(SolutionProperties) = preSolution
		HideSolutionNode = FALSE
	EndGlobalSection
	GlobalSection(ExtensibilityGlobals) = postSolution
		SolutionGuid = {43FE1C6D-A2C1-4767-AC18-FB2F856E8CCF}
	EndGlobalSection
EndGlobal
